// !$*UTF8*$!
{
	archiveVersion = 1;
	classes = {
	};
	objectVersion = 56;
	objects = {

/* Begin PBXBuildFile section */
		99A18AE12953F7C000EF29B8 /* TanpenApp.swift in Sources */ = {isa = PBXBuildFile; fileRef = 99A18AE02953F7C000EF29B8 /* TanpenApp.swift */; };
		99A18AE32953F7C000EF29B8 /* TanpenDocument.swift in Sources */ = {isa = PBXBuildFile; fileRef = 99A18AE22953F7C000EF29B8 /* TanpenDocument.swift */; };
		99A18AE52953F7C000EF29B8 /* ContentView.swift in Sources */ = {isa = PBXBuildFile; fileRef = 99A18AE42953F7C000EF29B8 /* ContentView.swift */; };
		99A18AE72953F7C200EF29B8 /* Assets.xcassets in Resources */ = {isa = PBXBuildFile; fileRef = 99A18AE62953F7C200EF29B8 /* Assets.xcassets */; };
		99A18AEA2953F7C200EF29B8 /* Preview Assets.xcassets in Resources */ = {isa = PBXBuildFile; fileRef = 99A18AE92953F7C200EF29B8 /* Preview Assets.xcassets */; };
		99A18AF72953F8EF00EF29B8 /* document.html in Resources */ = {isa = PBXBuildFile; fileRef = 99A18AF62953F8EF00EF29B8 /* document.html */; };
		99A18AFA2953F91500EF29B8 /* PuncSansTC-Regular.otf in Resources */ = {isa = PBXBuildFile; fileRef = 99A18AF92953F91500EF29B8 /* PuncSansTC-Regular.otf */; };
		99A18AFC2953FAA400EF29B8 /* style.css in Resources */ = {isa = PBXBuildFile; fileRef = 99A18AFB2953FAA400EF29B8 /* style.css */; };
		99A18AFF2954512F00EF29B8 /* communicate.js in Resources */ = {isa = PBXBuildFile; fileRef = 99A18AFE2954512F00EF29B8 /* communicate.js */; };
/* End PBXBuildFile section */

/* Begin PBXFileReference section */
		99A18ADD2953F7C000EF29B8 /* Tanpen.app */ = {isa = PBXFileReference; explicitFileType = wrapper.application; includeInIndex = 0; path = Tanpen.app; sourceTree = BUILT_PRODUCTS_DIR; };
		99A18AE02953F7C000EF29B8 /* TanpenApp.swift */ = {isa = PBXFileReference; lastKnownFileType = sourcecode.swift; path = TanpenApp.swift; sourceTree = "<group>"; };
		99A18AE22953F7C000EF29B8 /* TanpenDocument.swift */ = {isa = PBXFileReference; lastKnownFileType = sourcecode.swift; path = TanpenDocument.swift; sourceTree = "<group>"; };
		99A18AE42953F7C000EF29B8 /* ContentView.swift */ = {isa = PBXFileReference; lastKnownFileType = sourcecode.swift; path = ContentView.swift; sourceTree = "<group>"; };
		99A18AE62953F7C200EF29B8 /* Assets.xcassets */ = {isa = PBXFileReference; lastKnownFileType = folder.assetcatalog; path = Assets.xcassets; sourceTree = "<group>"; };
		99A18AE92953F7C200EF29B8 /* Preview Assets.xcassets */ = {isa = PBXFileReference; lastKnownFileType = folder.assetcatalog; path = "Preview Assets.xcassets"; sourceTree = "<group>"; };
		99A18AEB2953F7C200EF29B8 /* Info.plist */ = {isa = PBXFileReference; lastKnownFileType = text.plist.xml; path = Info.plist; sourceTree = "<group>"; };
		99A18AEC2953F7C200EF29B8 /* Tanpen.entitlements */ = {isa = PBXFileReference; lastKnownFileType = text.plist.entitlements; path = Tanpen.entitlements; sourceTree = "<group>"; };
		99A18AF62953F8EF00EF29B8 /* document.html */ = {isa = PBXFileReference; fileEncoding = 4; lastKnownFileType = text.html; path = document.html; sourceTree = "<group>"; };
		99A18AF92953F91500EF29B8 /* PuncSansTC-Regular.otf */ = {isa = PBXFileReference; lastKnownFileType = file; path = "PuncSansTC-Regular.otf"; sourceTree = "<group>"; };
		99A18AFB2953FAA400EF29B8 /* style.css */ = {isa = PBXFileReference; fileEncoding = 4; lastKnownFileType = text.css; path = style.css; sourceTree = "<group>"; };
		99A18AFE2954512F00EF29B8 /* communicate.js */ = {isa = PBXFileReference; fileEncoding = 4; lastKnownFileType = sourcecode.javascript; path = communicate.js; sourceTree = "<group>"; };
/* End PBXFileReference section */

/* Begin PBXFrameworksBuildPhase section */
		99A18ADA2953F7C000EF29B8 /* Frameworks */ = {
			isa = PBXFrameworksBuildPhase;
			buildActionMask = 2147483647;
			files = (
			);
			runOnlyForDeploymentPostprocessing = 0;
		};
/* End PBXFrameworksBuildPhase section */

/* Begin PBXGroup section */
		99A18AD42953F7C000EF29B8 = {
			isa = PBXGroup;
			children = (
				99A18ADF2953F7C000EF29B8 /* Tanpen */,
				99A18ADE2953F7C000EF29B8 /* Products */,
			);
			sourceTree = "<group>";
		};
		99A18ADE2953F7C000EF29B8 /* Products */ = {
			isa = PBXGroup;
			children = (
				99A18ADD2953F7C000EF29B8 /* Tanpen.app */,
			);
			name = Products;
			sourceTree = "<group>";
		};
		99A18ADF2953F7C000EF29B8 /* Tanpen */ = {
			isa = PBXGroup;
			children = (
				99A18AFD295450B500EF29B8 /* scripts */,
				99A18AF82953F90700EF29B8 /* fonts */,
				99A18AF52953F8DC00EF29B8 /* pages */,
				99A18AF22953F8B200EF29B8 /* styles */,
				99A18AE02953F7C000EF29B8 /* TanpenApp.swift */,
				99A18AE22953F7C000EF29B8 /* TanpenDocument.swift */,
				99A18AE42953F7C000EF29B8 /* ContentView.swift */,
				99A18AE62953F7C200EF29B8 /* Assets.xcassets */,
				99A18AEB2953F7C200EF29B8 /* Info.plist */,
				99A18AEC2953F7C200EF29B8 /* Tanpen.entitlements */,
				99A18AE82953F7C200EF29B8 /* Preview Content */,
			);
			path = Tanpen;
			sourceTree = "<group>";
		};
		99A18AE82953F7C200EF29B8 /* Preview Content */ = {
			isa = PBXGroup;
			children = (
				99A18AE92953F7C200EF29B8 /* Preview Assets.xcassets */,
			);
			path = "Preview Content";
			sourceTree = "<group>";
		};
		99A18AF22953F8B200EF29B8 /* styles */ = {
			isa = PBXGroup;
			children = (
				99A18AFB2953FAA400EF29B8 /* style.css */,
			);
			path = styles;
			sourceTree = "<group>";
		};
		99A18AF52953F8DC00EF29B8 /* pages */ = {
			isa = PBXGroup;
			children = (
				99A18AF62953F8EF00EF29B8 /* document.html */,
			);
			path = pages;
			sourceTree = "<group>";
		};
		99A18AF82953F90700EF29B8 /* fonts */ = {
			isa = PBXGroup;
			children = (
				99A18AF92953F91500EF29B8 /* PuncSansTC-Regular.otf */,
			);
			path = fonts;
			sourceTree = "<group>";
		};
		99A18AFD295450B500EF29B8 /* scripts */ = {
			isa = PBXGroup;
			children = (
				99A18AFE2954512F00EF29B8 /* communicate.js */,
			);
			path = scripts;
			sourceTree = "<group>";
		};
/* End PBXGroup section */

/* Begin PBXNativeTarget section */
		99A18ADC2953F7C000EF29B8 /* Tanpen */ = {
			isa = PBXNativeTarget;
			buildConfigurationList = 99A18AEF2953F7C200EF29B8 /* Build configuration list for PBXNativeTarget "Tanpen" */;
			buildPhases = (
				99A18AD92953F7C000EF29B8 /* Sources */,
				99A18ADA2953F7C000EF29B8 /* Frameworks */,
				99A18ADB2953F7C000EF29B8 /* Resources */,
			);
			buildRules = (
			);
			dependencies = (
			);
			name = Tanpen;
			productName = Tanpen;
			productReference = 99A18ADD2953F7C000EF29B8 /* Tanpen.app */;
			productType = "com.apple.product-type.application";
		};
/* End PBXNativeTarget section */

/* Begin PBXProject section */
		99A18AD52953F7C000EF29B8 /* Project object */ = {
			isa = PBXProject;
			attributes = {
				BuildIndependentTargetsInParallel = 1;
				LastSwiftUpdateCheck = 1410;
				LastUpgradeCheck = 1410;
				TargetAttributes = {
					99A18ADC2953F7C000EF29B8 = {
						CreatedOnToolsVersion = 14.1;
					};
				};
			};
			buildConfigurationList = 99A18AD82953F7C000EF29B8 /* Build configuration list for PBXProject "Tanpen" */;
			compatibilityVersion = "Xcode 14.0";
			developmentRegion = en;
			hasScannedForEncodings = 0;
			knownRegions = (
				en,
				Base,
			);
			mainGroup = 99A18AD42953F7C000EF29B8;
			productRefGroup = 99A18ADE2953F7C000EF29B8 /* Products */;
			projectDirPath = "";
			projectRoot = "";
			targets = (
				99A18ADC2953F7C000EF29B8 /* Tanpen */,
			);
		};
/* End PBXProject section */

/* Begin PBXResourcesBuildPhase section */
		99A18ADB2953F7C000EF29B8 /* Resources */ = {
			isa = PBXResourcesBuildPhase;
			buildActionMask = 2147483647;
			files = (
				99A18AFF2954512F00EF29B8 /* communicate.js in Resources */,
				99A18AEA2953F7C200EF29B8 /* Preview Assets.xcassets in Resources */,
				99A18AE72953F7C200EF29B8 /* Assets.xcassets in Resources */,
				99A18AFC2953FAA400EF29B8 /* style.css in Resources */,
				99A18AF72953F8EF00EF29B8 /* document.html in Resources */,
				99A18AFA2953F91500EF29B8 /* PuncSansTC-Regular.otf in Resources */,
			);
			runOnlyForDeploymentPostprocessing = 0;
		};
/* End PBXResourcesBuildPhase section */

/* Begin PBXSourcesBuildPhase section */
		99A18AD92953F7C000EF29B8 /* Sources */ = {
			isa = PBXSourcesBuildPhase;
			buildActionMask = 2147483647;
			files = (
				99A18AE32953F7C000EF29B8 /* TanpenDocument.swift in Sources */,
				99A18AE12953F7C000EF29B8 /* TanpenApp.swift in Sources */,
				99A18AE52953F7C000EF29B8 /* ContentView.swift in Sources */,
			);
			runOnlyForDeploymentPostprocessing = 0;
		};
/* End PBXSourcesBuildPhase section */

/* Begin XCBuildConfiguration section */
		99A18AED2953F7C200EF29B8 /* Debug */ = {
			isa = XCBuildConfiguration;
			buildSettings = {
				ALWAYS_SEARCH_USER_PATHS = NO;
				CLANG_ANALYZER_NONNULL = YES;
				CLANG_ANALYZER_NUMBER_OBJECT_CONVERSION = YES_AGGRESSIVE;
				CLANG_CXX_LANGUAGE_STANDARD = "gnu++20";
				CLANG_ENABLE_MODULES = YES;
				CLANG_ENABLE_OBJC_ARC = YES;
				CLANG_ENABLE_OBJC_WEAK = YES;
				CLANG_WARN_BLOCK_CAPTURE_AUTORELEASING = YES;
				CLANG_WARN_BOOL_CONVERSION = YES;
				CLANG_WARN_COMMA = YES;
				CLANG_WARN_CONSTANT_CONVERSION = YES;
				CLANG_WARN_DEPRECATED_OBJC_IMPLEMENTATIONS = YES;
				CLANG_WARN_DIRECT_OBJC_ISA_USAGE = YES_ERROR;
				CLANG_WARN_DOCUMENTATION_COMMENTS = YES;
				CLANG_WARN_EMPTY_BODY = YES;
				CLANG_WARN_ENUM_CONVERSION = YES;
				CLANG_WARN_INFINITE_RECURSION = YES;
				CLANG_WARN_INT_CONVERSION = YES;
				CLANG_WARN_NON_LITERAL_NULL_CONVERSION = YES;
				CLANG_WARN_OBJC_IMPLICIT_RETAIN_SELF = YES;
				CLANG_WARN_OBJC_LITERAL_CONVERSION = YES;
				CLANG_WARN_OBJC_ROOT_CLASS = YES_ERROR;
				CLANG_WARN_QUOTED_INCLUDE_IN_FRAMEWORK_HEADER = YES;
				CLANG_WARN_RANGE_LOOP_ANALYSIS = YES;
				CLANG_WARN_STRICT_PROTOTYPES = YES;
				CLANG_WARN_SUSPICIOUS_MOVE = YES;
				CLANG_WARN_UNGUARDED_AVAILABILITY = YES_AGGRESSIVE;
				CLANG_WARN_UNREACHABLE_CODE = YES;
				CLANG_WARN__DUPLICATE_METHOD_MATCH = YES;
				COPY_PHASE_STRIP = NO;
				DEBUG_INFORMATION_FORMAT = dwarf;
				ENABLE_STRICT_OBJC_MSGSEND = YES;
				ENABLE_TESTABILITY = YES;
				GCC_C_LANGUAGE_STANDARD = gnu11;
				GCC_DYNAMIC_NO_PIC = NO;
				GCC_NO_COMMON_BLOCKS = YES;
				GCC_OPTIMIZATION_LEVEL = 0;
				GCC_PREPROCESSOR_DEFINITIONS = (
					"DEBUG=1",
					"$(inherited)",
				);
				GCC_WARN_64_TO_32_BIT_CONVERSION = YES;
				GCC_WARN_ABOUT_RETURN_TYPE = YES_ERROR;
				GCC_WARN_UNDECLARED_SELECTOR = YES;
				GCC_WARN_UNINITIALIZED_AUTOS = YES_AGGRESSIVE;
				GCC_WARN_UNUSED_FUNCTION = YES;
				GCC_WARN_UNUSED_VARIABLE = YES;
				MACOSX_DEPLOYMENT_TARGET = 13.0;
				MTL_ENABLE_DEBUG_INFO = INCLUDE_SOURCE;
				MTL_FAST_MATH = YES;
				ONLY_ACTIVE_ARCH = YES;
				SDKROOT = macosx;
				SWIFT_ACTIVE_COMPILATION_CONDITIONS = DEBUG;
				SWIFT_OPTIMIZATION_LEVEL = "-Onone";
			};
			name = Debug;
		};
		99A18AEE2953F7C200EF29B8 /* Release */ = {
			isa = XCBuildConfiguration;
			buildSettings = {
				ALWAYS_SEARCH_USER_PATHS = NO;
				CLANG_ANALYZER_NONNULL = YES;
				CLANG_ANALYZER_NUMBER_OBJECT_CONVERSION = YES_AGGRESSIVE;
				CLANG_CXX_LANGUAGE_STANDARD = "gnu++20";
				CLANG_ENABLE_MODULES = YES;
				CLANG_ENABLE_OBJC_ARC = YES;
				CLANG_ENABLE_OBJC_WEAK = YES;
				CLANG_WARN_BLOCK_CAPTURE_AUTORELEASING = YES;
				CLANG_WARN_BOOL_CONVERSION = YES;
				CLANG_WARN_COMMA = YES;
				CLANG_WARN_CONSTANT_CONVERSION = YES;
				CLANG_WARN_DEPRECATED_OBJC_IMPLEMENTATIONS = YES;
				CLANG_WARN_DIRECT_OBJC_ISA_USAGE = YES_ERROR;
				CLANG_WARN_DOCUMENTATION_COMMENTS = YES;
				CLANG_WARN_EMPTY_BODY = YES;
				CLANG_WARN_ENUM_CONVERSION = YES;
				CLANG_WARN_INFINITE_RECURSION = YES;
				CLANG_WARN_INT_CONVERSION = YES;
				CLANG_WARN_NON_LITERAL_NULL_CONVERSION = YES;
				CLANG_WARN_OBJC_IMPLICIT_RETAIN_SELF = YES;
				CLANG_WARN_OBJC_LITERAL_CONVERSION = YES;
				CLANG_WARN_OBJC_ROOT_CLASS = YES_ERROR;
				CLANG_WARN_QUOTED_INCLUDE_IN_FRAMEWORK_HEADER = YES;
				CLANG_WARN_RANGE_LOOP_ANALYSIS = YES;
				CLANG_WARN_STRICT_PROTOTYPES = YES;
				CLANG_WARN_SUSPICIOUS_MOVE = YES;
				CLANG_WARN_UNGUARDED_AVAILABILITY = YES_AGGRESSIVE;
				CLANG_WARN_UNREACHABLE_CODE = YES;
				CLANG_WARN__DUPLICATE_METHOD_MATCH = YES;
				COPY_PHASE_STRIP = NO;
				DEBUG_INFORMATION_FORMAT = "dwarf-with-dsym";
				ENABLE_NS_ASSERTIONS = NO;
				ENABLE_STRICT_OBJC_MSGSEND = YES;
				GCC_C_LANGUAGE_STANDARD = gnu11;
				GCC_NO_COMMON_BLOCKS = YES;
				GCC_WARN_64_TO_32_BIT_CONVERSION = YES;
				GCC_WARN_ABOUT_RETURN_TYPE = YES_ERROR;
				GCC_WARN_UNDECLARED_SELECTOR = YES;
				GCC_WARN_UNINITIALIZED_AUTOS = YES_AGGRESSIVE;
				GCC_WARN_UNUSED_FUNCTION = YES;
				GCC_WARN_UNUSED_VARIABLE = YES;
				MACOSX_DEPLOYMENT_TARGET = 13.0;
				MTL_ENABLE_DEBUG_INFO = NO;
				MTL_FAST_MATH = YES;
				SDKROOT = macosx;
				SWIFT_COMPILATION_MODE = wholemodule;
				SWIFT_OPTIMIZATION_LEVEL = "-O";
			};
			name = Release;
		};
		99A18AF02953F7C200EF29B8 /* Debug */ = {
			isa = XCBuildConfiguration;
			buildSettings = {
				ASSETCATALOG_COMPILER_APPICON_NAME = AppIcon;
				ASSETCATALOG_COMPILER_GLOBAL_ACCENT_COLOR_NAME = AccentColor;
				CODE_SIGN_ENTITLEMENTS = Tanpen/Tanpen.entitlements;
				CODE_SIGN_STYLE = Automatic;
				COMBINE_HIDPI_IMAGES = YES;
				CURRENT_PROJECT_VERSION = 6;
				DEVELOPMENT_ASSET_PATHS = "\"Tanpen/Preview Content\"";
				ENABLE_PREVIEWS = YES;
				GENERATE_INFOPLIST_FILE = YES;
				INFOPLIST_FILE = Tanpen/Info.plist;
				INFOPLIST_KEY_LSApplicationCategoryType = "public.app-category.utilities";
				INFOPLIST_KEY_NSHumanReadableCopyright = "";
				LD_RUNPATH_SEARCH_PATHS = (
					"$(inherited)",
					"@executable_path/../Frameworks",
				);
				MACOSX_DEPLOYMENT_TARGET = 12.0;
				MARKETING_VERSION = 0.1;
				PRODUCT_BUNDLE_IDENTIFIER = asia.chunghwa.Tanpen;
				PRODUCT_NAME = "$(TARGET_NAME)";
				SWIFT_EMIT_LOC_STRINGS = YES;
				SWIFT_VERSION = 5.0;
			};
			name = Debug;
		};
		99A18AF12953F7C200EF29B8 /* Release */ = {
			isa = XCBuildConfiguration;
			buildSettings = {
				ASSETCATALOG_COMPILER_APPICON_NAME = AppIcon;
				ASSETCATALOG_COMPILER_GLOBAL_ACCENT_COLOR_NAME = AccentColor;
				CODE_SIGN_ENTITLEMENTS = Tanpen/Tanpen.entitlements;
				CODE_SIGN_STYLE = Automatic;
				COMBINE_HIDPI_IMAGES = YES;
				CURRENT_PROJECT_VERSION = 6;
				DEVELOPMENT_ASSET_PATHS = "\"Tanpen/Preview Content\"";
				ENABLE_PREVIEWS = YES;
				GENERATE_INFOPLIST_FILE = YES;
				INFOPLIST_FILE = Tanpen/Info.plist;
				INFOPLIST_KEY_LSApplicationCategoryType = "public.app-category.utilities";
				INFOPLIST_KEY_NSHumanReadableCopyright = "";
				LD_RUNPATH_SEARCH_PATHS = (
					"$(inherited)",
					"@executable_path/../Frameworks",
				);
				MACOSX_DEPLOYMENT_TARGET = 12.0;
				MARKETING_VERSION = 0.1;
				PRODUCT_BUNDLE_IDENTIFIER = asia.chunghwa.Tanpen;
				PRODUCT_NAME = "$(TARGET_NAME)";
				SWIFT_EMIT_LOC_STRINGS = YES;
				SWIFT_VERSION = 5.0;
			};
			name = Release;
		};
/* End XCBuildConfiguration section */

/* Begin XCConfigurationList section */
		99A18AD82953F7C000EF29B8 /* Build configuration list for PBXProject "Tanpen" */ = {
			isa = XCConfigurationList;
			buildConfigurations = (
				99A18AED2953F7C200EF29B8 /* Debug */,
				99A18AEE2953F7C200EF29B8 /* Release */,
			);
			defaultConfigurationIsVisible = 0;
			defaultConfigurationName = Release;
		};
		99A18AEF2953F7C200EF29B8 /* Build configuration list for PBXNativeTarget "Tanpen" */ = {
			isa = XCConfigurationList;
			buildConfigurations = (
				99A18AF02953F7C200EF29B8 /* Debug */,
				99A18AF12953F7C200EF29B8 /* Release */,
			);
			defaultConfigurationIsVisible = 0;
			defaultConfigurationName = Release;
		};
/* End XCConfigurationList section */
	};
	rootObject = 99A18AD52953F7C000EF29B8 /* Project object */;
}
